
Microsoft Visual Studio Solution File, Format Version 12.00
# Visual Studio Version 17
VisualStudioVersion = 17.6.33829.357
MinimumVisualStudioVersion = 10.0.40219.1
Project("{FAE04EC0-301F-11D3-BF4B-00C04F79EFBC}") = "SpartaRPG", "SpartaRPG.csproj", "{2F690ADB-D1C2-4359-8C50-378580E05192}"
EndProject
Global
	GlobalSection(SolutionConfigurationPlatforms) = preSolution
		Debug|Any CPU = Debug|Any CPU
		Release|Any CPU = Release|Any CPU
	EndGlobalSection
	GlobalSection(ProjectConfigurationPlatforms) = postSolution
		{2F690ADB-D1C2-4359-8C50-378580E05192}.Debug|Any CPU.ActiveCfg = Debug|Any CPU
		{2F690ADB-D1C2-4359-8C50-378580E05192}.Debug|Any CPU.Build.0 = Debug|Any CPU
		{2F690ADB-D1C2-4359-8C50-378580E05192}.Release|Any CPU.ActiveCfg = Release|Any CPU
		{2F690ADB-D1C2-4359-8C50-378580E05192}.Release|Any CPU.Build.0 = Release|Any CPU
	EndGlobalSection
	GlobalSection(SolutionProperties) = preSolution
		HideSolutionNode = FALSE
	EndGlobalSection
	GlobalSection(ExtensibilityGlobals) = postSolution
		SolutionGuid = {F76CD287-CC82-4834-9425-33A86E6C6162}
	EndGlobalSection
EndGlobal
